
Microsoft Visual Studio Solution File, Format Version 12.00
# Visual Studio Version 16
VisualStudioVersion = 16.0.29326.143
MinimumVisualStudioVersion = 10.0.40219.1
Project("{FAE04EC0-301F-11D3-BF4B-00C04F79EFBC}") = "apiRestM", "apiRestM\apiRestM.csproj", "{57B2D533-B9F6-4181-8A5B-DDD84485248B}"
EndProject
Global
	GlobalSection(SolutionConfigurationPlatforms) = preSolution
		Debug|Any CPU = Debug|Any CPU
		Release|Any CPU = Release|Any CPU
	EndGlobalSection
	GlobalSection(ProjectConfigurationPlatforms) = postSolution
		{57B2D533-B9F6-4181-8A5B-DDD84485248B}.Debug|Any CPU.ActiveCfg = Debug|Any CPU
		{57B2D533-B9F6-4181-8A5B-DDD84485248B}.Debug|Any CPU.Build.0 = Debug|Any CPU
		{57B2D533-B9F6-4181-8A5B-DDD84485248B}.Release|Any CPU.ActiveCfg = Release|Any CPU
		{57B2D533-B9F6-4181-8A5B-DDD84485248B}.Release|Any CPU.Build.0 = Release|Any CPU
	EndGlobalSection
	GlobalSection(SolutionProperties) = preSolution
		HideSolutionNode = FALSE
	EndGlobalSection
	GlobalSection(ExtensibilityGlobals) = postSolution
		SolutionGuid = {C7CED48C-40CF-4F76-A17B-A2C751B82281}
	EndGlobalSection
EndGlobal
